
Microsoft Visual Studio Solution File, Format Version 12.00
# Visual Studio Version 17
VisualStudioVersion = 17.4.33205.214
MinimumVisualStudioVersion = 10.0.40219.1
Project("{2150E333-8FDC-42A3-9474-1A3956D46DE8}") = "1 - Presentation Tier", "1 - Presentation Tier", "{3043EDDC-4853-4DCA-B3D1-109D1C41D0DD}"
EndProject
Project("{2150E333-8FDC-42A3-9474-1A3956D46DE8}") = "2 - Business Tier", "2 - Business Tier", "{04629314-E3EA-47BD-8936-176E96D7ABBB}"
EndProject
Project("{2150E333-8FDC-42A3-9474-1A3956D46DE8}") = "3 - DataAcess Tier", "3 - DataAcess Tier", "{73929C59-D8A3-4FC0-B688-4FF6B69D0AE4}"
EndProject
Project("{FAE04EC0-301F-11D3-BF4B-00C04F79EFBC}") = "NTTData.FileManagement.Presentation.WinSite", "NTTData.FileManagement.Presentation.WinSite\NTTData.FileManagement.Presentation.WinSite.csproj", "{AFC9F629-FAB1-422C-A645-A408FE3B290D}"
EndProject
Project("{2150E333-8FDC-42A3-9474-1A3956D46DE8}") = "4 - Common Tier", "4 - Common Tier", "{0ADF82D3-3435-49AB-ACC4-C1C479A9DAC5}"
EndProject
Project("{FAE04EC0-301F-11D3-BF4B-00C04F79EFBC}") = "NTTData.FileManagement.Business.Logic", "NTTData.FileManagement.Business.Logic\NTTData.FileManagement.Business.Logic.csproj", "{FFE40E5C-3C44-4BF3-ADB2-9BB8092CEB26}"
EndProject
Project("{FAE04EC0-301F-11D3-BF4B-00C04F79EFBC}") = "NTTData.FileManagement.DataAccess.Repository", "NTTData.FileManagement.DataAccess.Repository\NTTData.FileManagement.DataAccess.Repository.csproj", "{38070C6A-921F-4014-84B8-64F378D4E9EB}"
EndProject
Project("{FAE04EC0-301F-11D3-BF4B-00C04F79EFBC}") = "NTTData.FileManagement.Common.Model", "NTTData.FileManagement.Common.Model\NTTData.FileManagement.Common.Model.csproj", "{EE1A1256-DFCF-4E50-9CF5-5DFC82D83CBF}"
EndProject
Global
	GlobalSection(SolutionConfigurationPlatforms) = preSolution
		Debug|Any CPU = Debug|Any CPU
		Release|Any CPU = Release|Any CPU
	EndGlobalSection
	GlobalSection(ProjectConfigurationPlatforms) = postSolution
		{AFC9F629-FAB1-422C-A645-A408FE3B290D}.Debug|Any CPU.ActiveCfg = Debug|Any CPU
		{AFC9F629-FAB1-422C-A645-A408FE3B290D}.Debug|Any CPU.Build.0 = Debug|Any CPU
		{AFC9F629-FAB1-422C-A645-A408FE3B290D}.Release|Any CPU.ActiveCfg = Release|Any CPU
		{AFC9F629-FAB1-422C-A645-A408FE3B290D}.Release|Any CPU.Build.0 = Release|Any CPU
		{FFE40E5C-3C44-4BF3-ADB2-9BB8092CEB26}.Debug|Any CPU.ActiveCfg = Debug|Any CPU
		{FFE40E5C-3C44-4BF3-ADB2-9BB8092CEB26}.Debug|Any CPU.Build.0 = Debug|Any CPU
		{FFE40E5C-3C44-4BF3-ADB2-9BB8092CEB26}.Release|Any CPU.ActiveCfg = Release|Any CPU
		{FFE40E5C-3C44-4BF3-ADB2-9BB8092CEB26}.Release|Any CPU.Build.0 = Release|Any CPU
		{38070C6A-921F-4014-84B8-64F378D4E9EB}.Debug|Any CPU.ActiveCfg = Debug|Any CPU
		{38070C6A-921F-4014-84B8-64F378D4E9EB}.Debug|Any CPU.Build.0 = Debug|Any CPU
		{38070C6A-921F-4014-84B8-64F378D4E9EB}.Release|Any CPU.ActiveCfg = Release|Any CPU
		{38070C6A-921F-4014-84B8-64F378D4E9EB}.Release|Any CPU.Build.0 = Release|Any CPU
		{EE1A1256-DFCF-4E50-9CF5-5DFC82D83CBF}.Debug|Any CPU.ActiveCfg = Debug|Any CPU
		{EE1A1256-DFCF-4E50-9CF5-5DFC82D83CBF}.Debug|Any CPU.Build.0 = Debug|Any CPU
		{EE1A1256-DFCF-4E50-9CF5-5DFC82D83CBF}.Release|Any CPU.ActiveCfg = Release|Any CPU
		{EE1A1256-DFCF-4E50-9CF5-5DFC82D83CBF}.Release|Any CPU.Build.0 = Release|Any CPU
	EndGlobalSection
	GlobalSection(SolutionProperties) = preSolution
		HideSolutionNode = FALSE
	EndGlobalSection
	GlobalSection(NestedProjects) = preSolution
		{AFC9F629-FAB1-422C-A645-A408FE3B290D} = {3043EDDC-4853-4DCA-B3D1-109D1C41D0DD}
		{FFE40E5C-3C44-4BF3-ADB2-9BB8092CEB26} = {04629314-E3EA-47BD-8936-176E96D7ABBB}
		{38070C6A-921F-4014-84B8-64F378D4E9EB} = {73929C59-D8A3-4FC0-B688-4FF6B69D0AE4}
		{EE1A1256-DFCF-4E50-9CF5-5DFC82D83CBF} = {0ADF82D3-3435-49AB-ACC4-C1C479A9DAC5}
	EndGlobalSection
	GlobalSection(ExtensibilityGlobals) = postSolution
		SolutionGuid = {F289E967-FB31-4E4F-B4A6-26A53B07980C}
	EndGlobalSection
EndGlobal
